{
  "version": 4,
  "terraform_version": "1.0.4",
  "serial": 3,
  "lineage": "076f1eec-cd00-0979-39b6-324db76a2cf0",
  "outputs": {},
  "resources": [
    {
      "mode": "managed",
      "type": "google_service_account",
      "name": "cluster_account",
      "provider": "provider[\"registry.terraform.io/hashicorp/google\"]",
      "instances": [
        {
          "schema_version": 0,
          "attributes": {
            "account_id": "sa-k8s-workshop",
            "description": "",
            "display_name": "K8s Workshop SA",
            "email": "sa-k8s-workshop@workshops-yopeso.iam.gserviceaccount.com",
            "id": "projects/workshops-yopeso/serviceAccounts/sa-k8s-workshop@workshops-yopeso.iam.gserviceaccount.com",
            "name": "projects/workshops-yopeso/serviceAccounts/sa-k8s-workshop@workshops-yopeso.iam.gserviceaccount.com",
            "project": "workshops-yopeso",
            "timeouts": null,
            "unique_id": "102467445636184047440"
          },
          "sensitive_attributes": [],
          "private": "eyJlMmJmYjczMC1lY2FhLTExZTYtOGY4OC0zNDM2M2JjN2M0YzAiOnsiY3JlYXRlIjozMDAwMDAwMDAwMDB9fQ=="
        }
      ]
    }
  ]
}
