{
  "version": 4,
  "terraform_version": "1.0.4",
  "serial": 16,
  "lineage": "076f1eec-cd00-0979-39b6-324db76a2cf0",
  "outputs": {},
  "resources": [
    {
      "mode": "managed",
      "type": "google_container_cluster",
      "name": "primary",
      "provider": "provider[\"registry.terraform.io/hashicorp/google\"]",
      "instances": [
        {
          "schema_version": 1,
          "attributes": {
            "addons_config": [
              {
                "cloudrun_config": [],
                "horizontal_pod_autoscaling": [],
                "http_load_balancing": [],
                "network_policy_config": [
                  {
                    "disabled": true
                  }
                ]
              }
            ],
            "authenticator_groups_config": [],
            "cluster_autoscaling": [
              {
                "auto_provisioning_defaults": [],
                "enabled": false,
                "resource_limits": []
              }
            ],
            "cluster_ipv4_cidr": "10.100.0.0/14",
            "database_encryption": [
              {
                "key_name": "",
                "state": "DECRYPTED"
              }
            ],
            "datapath_provider": "",
            "default_max_pods_per_node": 110,
            "default_snat_status": [
              {
                "disabled": false
              }
            ],
            "description": "",
            "enable_autopilot": false,
            "enable_binary_authorization": false,
            "enable_intranode_visibility": false,
            "enable_kubernetes_alpha": false,
            "enable_legacy_abac": false,
            "enable_shielded_nodes": false,
            "enable_tpu": false,
            "endpoint": "34.90.5.237",
            "id": "projects/workshops-yopeso/locations/europe-west4-b/clusters/workshop-k8s",
            "initial_node_count": 2,
            "instance_group_urls": [
              "https://www.googleapis.com/compute/v1/projects/workshops-yopeso/zones/europe-west4-b/instanceGroups/gke-workshop-k8s-default-pool-89bf8506-grp"
            ],
            "ip_allocation_policy": [
              {
                "cluster_ipv4_cidr_block": "10.100.0.0/14",
                "cluster_secondary_range_name": "gke-workshop-k8s-pods-5b550a54",
                "services_ipv4_cidr_block": "10.104.0.0/20",
                "services_secondary_range_name": "gke-workshop-k8s-services-5b550a54"
              }
            ],
            "label_fingerprint": "a9dc16a7",
            "location": "europe-west4-b",
            "logging_service": "logging.googleapis.com/kubernetes",
            "maintenance_policy": [],
            "master_auth": [
              {
                "client_certificate": "",
                "client_certificate_config": [
                  {
                    "issue_client_certificate": false
                  }
                ],
                "client_key": "",
                "cluster_ca_certificate": "LS0tLS1CRUdJTiBDRVJUSUZJQ0FURS0tLS0tCk1JSUVMRENDQXBTZ0F3SUJBZ0lRTDFkcnhjWXBVRkRLcHljUjVmYVZFVEFOQmdrcWhraUc5dzBCQVFzRkFEQXYKTVMwd0t3WURWUVFERXlRMk1tVXlOVFZoTnkxbU5URmtMVFE1WldJdFlUWTJPUzFsWkdZMVpEUTJPV1V3WVdZdwpJQmNOTWpFd09ERXlNakF4T1RBMFdoZ1BNakExTVRBNE1EVXlNVEU1TURSYU1DOHhMVEFyQmdOVkJBTVRKRFl5ClpUSTFOV0UzTFdZMU1XUXRORGxsWWkxaE5qWTVMV1ZrWmpWa05EWTVaVEJoWmpDQ0FhSXdEUVlKS29aSWh2Y04KQVFFQkJRQURnZ0dQQURDQ0FZb0NnZ0dCQU9xa1ZBeWFlM1BBUk5CRFY0MExXYlJCK0RSYnFJeDZrSnJPbXNESwpWL0FFTnU5cU4ydGk4MHRnK1Mxc1BEa01MM1ROcEVYQlFlTXd3ekIreDhxWlFpcy92WVBTSkUrZ0pSUUtYMEpWCjVjeUJNUDlQMjY1ODhEQ0tEQXd1M282Y2wwd1hhU0dpZHVsMFVjcW9SRzYwOHhsSzI2blh5Y3E5RUtlZ3lCbXMKaSt6a1lrbjQ1SGpGSkNHR2JqTHRaRW1vYVdTbWNRcGc5akc3ZFN6ODZVUjh6b3hacUFZbUlUZUlVN0dLRGxyMgpDZVlSL25CbEtNbzcrNU5lV0pST2pLV29GM3FIQTdhalVhNCs3M3ZnalZDcWo3djhJVjdlWnpqWU9LTmd2dzl1ClZrS3Nnd1IrMTZkanN2S05IUnhkS2VCOXptS3lSS2F0bXdBbDJvQ1JnK2lka1dYaS85OFJiTFB6cnFxL1hFSGEKWnk1YXF0ckRBK3hld1FyS1hEWERJQzdLYWtJSGxXTEowYWJtbkxGYVRwc25iRk1kcjF3ZS9GNzY2dXhPRnNsYgo3MXEzYWlrYm5LSHJRVVZhRGhtNXJVZjJTb3FOQ3AvRytHMjlrc2N1Nmc4NmVyeEQwRElSUi9VMDQyeTJwd1RpCllvWExESjVTRGNMZ014TWFHT3A2ektDWmpRSURBUUFCbzBJd1FEQU9CZ05WSFE4QkFmOEVCQU1DQWdRd0R3WUQKVlIwVEFRSC9CQVV3QXdFQi96QWRCZ05WSFE0RUZnUVVhclp6ME5Yb1lIUHF0N1U3bjdEcVMrb1Vzc0V3RFFZSgpLb1pJaHZjTkFRRUxCUUFEZ2dHQkFJTXNXZHFTR2ZkNUVBQUo0a0x5dEdQaW16WnpEbVkwVTBLQXBuZ2VOZEtOCmFzN2EyL01NdENXT2pmYTVwZURmVHNVQUJKZnA3cVFtTzZsWlh2UlE5dXRTTFJjYkdUUldQYjRRMEVUTjRGMCsKeFE1NkJyNWlEcnZMbmpQRC9PdXpCYWxMYkhpRHFhY0hQUWV1cEhXSDRLd3FuTnVxZE5pb29hdjVMcVVHNkVnWAphNUUwTStVYTc5N05nZlJKbmpTbUpUMU9FclJlVTZyNjVWNXhMZEVBMTBBa2Ewd3UwbE0zNUlBRzNxVGFmUmpKCmtDd0NRTSt4bnB3QjhROHZkRDE5VlpaVnY5YUhIckZnYVNzUW1UVXUxbmN6UWFKY1l2Uld1L2R0Z1pCL0RiQmwKRVpzN0Q0cWJPemozc1pCbllEWUVMWllDYzdveU43UUViWGo3SENRNy9YQlRDV1dJdWtzZGxZWHdTcW1wRkhsWAprZzYxd3FOeHZ6enlVWTQ5aXVaL1dwbmh2dXZadjlpb01iV1N3UWgxN3hoRjRSVDhoMlF4dDRzK1BhS3crdVZuCm80ZGtPTUhROGZtN01VaE5PVDZHV1FiV0hCZlZmUVRORVMweEE2aG16T2owQm9oUGhsZGJWdWVIeFZVMDlvZFUKa0tFYjRFd0FxRk9WVWFhSWRiUkkydz09Ci0tLS0tRU5EIENFUlRJRklDQVRFLS0tLS0K",
                "password": "",
                "username": ""
              }
            ],
            "master_authorized_networks_config": [],
            "master_version": "1.20.8-gke.2100",
            "min_master_version": "1.20.8-gke.2100",
            "monitoring_service": "monitoring.googleapis.com/kubernetes",
            "name": "workshop-k8s",
            "network": "projects/workshops-yopeso/global/networks/default",
            "network_policy": [
              {
                "enabled": false,
                "provider": "PROVIDER_UNSPECIFIED"
              }
            ],
            "networking_mode": "VPC_NATIVE",
            "node_config": [
              {
                "disk_size_gb": 100,
                "disk_type": "pd-standard",
                "guest_accelerator": [],
                "image_type": "COS_CONTAINERD",
                "labels": {},
                "local_ssd_count": 0,
                "machine_type": "e2-medium",
                "metadata": {
                  "disable-legacy-endpoints": "true"
                },
                "min_cpu_platform": "",
                "oauth_scopes": [
                  "https://www.googleapis.com/auth/cloud-platform",
                  "https://www.googleapis.com/auth/compute.readonly",
                  "https://www.googleapis.com/auth/devstorage.read_only"
                ],
                "preemptible": true,
                "service_account": "default",
                "shielded_instance_config": [
                  {
                    "enable_integrity_monitoring": true,
                    "enable_secure_boot": false
                  }
                ],
                "tags": null,
                "taint": [],
                "workload_metadata_config": []
              }
            ],
            "node_locations": [],
            "node_pool": [
              {
                "autoscaling": [],
                "initial_node_count": 2,
                "instance_group_urls": [
                  "https://www.googleapis.com/compute/v1/projects/workshops-yopeso/zones/europe-west4-b/instanceGroupManagers/gke-workshop-k8s-default-pool-89bf8506-grp"
                ],
                "management": [
                  {
                    "auto_repair": true,
                    "auto_upgrade": true
                  }
                ],
                "max_pods_per_node": 110,
                "name": "default-pool",
                "name_prefix": "",
                "node_config": [
                  {
                    "disk_size_gb": 100,
                    "disk_type": "pd-standard",
                    "guest_accelerator": [],
                    "image_type": "COS_CONTAINERD",
                    "labels": {},
                    "local_ssd_count": 0,
                    "machine_type": "e2-medium",
                    "metadata": {
                      "disable-legacy-endpoints": "true"
                    },
                    "min_cpu_platform": "",
                    "oauth_scopes": [
                      "https://www.googleapis.com/auth/cloud-platform",
                      "https://www.googleapis.com/auth/compute.readonly",
                      "https://www.googleapis.com/auth/devstorage.read_only"
                    ],
                    "preemptible": true,
                    "service_account": "default",
                    "shielded_instance_config": [
                      {
                        "enable_integrity_monitoring": true,
                        "enable_secure_boot": false
                      }
                    ],
                    "tags": [],
                    "taint": [],
                    "workload_metadata_config": []
                  }
                ],
                "node_count": 2,
                "node_locations": [
                  "europe-west4-b"
                ],
                "upgrade_settings": [
                  {
                    "max_surge": 1,
                    "max_unavailable": 0
                  }
                ],
                "version": "1.20.8-gke.2100"
              }
            ],
            "node_version": "1.20.8-gke.2100",
            "operation": null,
            "pod_security_policy_config": [],
            "private_cluster_config": [],
            "private_ipv6_google_access": "",
            "project": "workshops-yopeso",
            "release_channel": [
              {
                "channel": "UNSPECIFIED"
              }
            ],
            "remove_default_node_pool": null,
            "resource_labels": null,
            "resource_usage_export_config": [],
            "self_link": "https://container.googleapis.com/v1beta1/projects/workshops-yopeso/zones/europe-west4-b/clusters/workshop-k8s",
            "services_ipv4_cidr": "10.104.0.0/20",
            "subnetwork": "projects/workshops-yopeso/regions/europe-west4/subnetworks/default",
            "timeouts": {
              "create": "30m",
              "delete": null,
              "read": null,
              "update": "40m"
            },
            "tpu_ipv4_cidr_block": "",
            "vertical_pod_autoscaling": [],
            "workload_identity_config": []
          },
          "sensitive_attributes": [],
          "private": "eyJlMmJmYjczMC1lY2FhLTExZTYtOGY4OC0zNDM2M2JjN2M0YzAiOnsiY3JlYXRlIjoxODAwMDAwMDAwMDAwLCJkZWxldGUiOjI0MDAwMDAwMDAwMDAsInJlYWQiOjI0MDAwMDAwMDAwMDAsInVwZGF0ZSI6MjQwMDAwMDAwMDAwMH0sInNjaGVtYV92ZXJzaW9uIjoiMSJ9"
        }
      ]
    },
    {
      "mode": "managed",
      "type": "google_service_account",
      "name": "cluster_account",
      "provider": "provider[\"registry.terraform.io/hashicorp/google\"]",
      "instances": [
        {
          "schema_version": 0,
          "attributes": {
            "account_id": "sa-k8s-workshop",
            "description": "",
            "display_name": "K8s Workshop SA",
            "email": "sa-k8s-workshop@workshops-yopeso.iam.gserviceaccount.com",
            "id": "projects/workshops-yopeso/serviceAccounts/sa-k8s-workshop@workshops-yopeso.iam.gserviceaccount.com",
            "name": "projects/workshops-yopeso/serviceAccounts/sa-k8s-workshop@workshops-yopeso.iam.gserviceaccount.com",
            "project": "workshops-yopeso",
            "timeouts": null,
            "unique_id": "102467445636184047440"
          },
          "sensitive_attributes": [],
          "private": "eyJlMmJmYjczMC1lY2FhLTExZTYtOGY4OC0zNDM2M2JjN2M0YzAiOnsiY3JlYXRlIjozMDAwMDAwMDAwMDB9fQ=="
        }
      ]
    }
  ]
}
