{
  "version": 4,
  "terraform_version": "1.0.4",
  "serial": 25,
  "lineage": "076f1eec-cd00-0979-39b6-324db76a2cf0",
  "outputs": {
    "k8s_ingress_ip": {
      "value": "34.120.212.214",
      "type": "string"
    },
    "k8s_ingress_name": {
      "value": "ws-static",
      "type": "string"
    }
  },
  "resources": [
    {
      "mode": "managed",
      "type": "google_compute_global_address",
      "name": "ip_address",
      "provider": "provider[\"registry.terraform.io/hashicorp/google\"]",
      "instances": [
        {
          "schema_version": 0,
          "attributes": {
            "address": "34.120.212.214",
            "address_type": "EXTERNAL",
            "creation_timestamp": "2021-08-12T21:37:34.969-07:00",
            "description": "",
            "id": "projects/workshops-yopeso/global/addresses/ws-static",
            "ip_version": "",
            "name": "ws-static",
            "network": "",
            "prefix_length": 0,
            "project": "workshops-yopeso",
            "purpose": "",
            "self_link": "https://www.googleapis.com/compute/v1/projects/workshops-yopeso/global/addresses/ws-static",
            "timeouts": null
          },
          "sensitive_attributes": [],
          "private": "eyJlMmJmYjczMC1lY2FhLTExZTYtOGY4OC0zNDM2M2JjN2M0YzAiOnsiY3JlYXRlIjoyNDAwMDAwMDAwMDAsImRlbGV0ZSI6MjQwMDAwMDAwMDAwfX0="
        }
      ]
    },
    {
      "mode": "managed",
      "type": "google_container_cluster",
      "name": "primary",
      "provider": "provider[\"registry.terraform.io/hashicorp/google\"]",
      "instances": [
        {
          "schema_version": 1,
          "attributes": {
            "addons_config": [
              {
                "cloudrun_config": [],
                "horizontal_pod_autoscaling": [],
                "http_load_balancing": [],
                "network_policy_config": [
                  {
                    "disabled": true
                  }
                ]
              }
            ],
            "authenticator_groups_config": [],
            "cluster_autoscaling": [
              {
                "auto_provisioning_defaults": [],
                "enabled": false,
                "resource_limits": []
              }
            ],
            "cluster_ipv4_cidr": "10.100.0.0/14",
            "database_encryption": [
              {
                "key_name": "",
                "state": "DECRYPTED"
              }
            ],
            "datapath_provider": "",
            "default_max_pods_per_node": null,
            "default_snat_status": [
              {
                "disabled": false
              }
            ],
            "description": "",
            "enable_autopilot": false,
            "enable_binary_authorization": false,
            "enable_intranode_visibility": false,
            "enable_kubernetes_alpha": false,
            "enable_legacy_abac": false,
            "enable_shielded_nodes": false,
            "enable_tpu": false,
            "endpoint": "35.204.30.242",
            "id": "projects/workshops-yopeso/locations/europe-west4-b/clusters/workshop-k8s",
            "initial_node_count": 2,
            "instance_group_urls": [
              "https://www.googleapis.com/compute/v1/projects/workshops-yopeso/zones/europe-west4-b/instanceGroups/gke-workshop-k8s-default-pool-b1acacfa-grp"
            ],
            "ip_allocation_policy": [],
            "label_fingerprint": "a9dc16a7",
            "location": "europe-west4-b",
            "logging_service": "logging.googleapis.com/kubernetes",
            "maintenance_policy": [],
            "master_auth": [
              {
                "client_certificate": "",
                "client_certificate_config": [
                  {
                    "issue_client_certificate": false
                  }
                ],
                "client_key": "",
                "cluster_ca_certificate": "LS0tLS1CRUdJTiBDRVJUSUZJQ0FURS0tLS0tCk1JSURLakNDQWhLZ0F3SUJBZ0lRUmtPaFVpYWhva3BlWE53aW5VUFZ3akFOQmdrcWhraUc5dzBCQVFzRkFEQXYKTVMwd0t3WURWUVFERXlSalptTTBOMkl3TUMwNE0yRXlMVFE0WVdNdE9ETTVPUzB3TkdZMFlqSmpNR1l3TlRBdwpIaGNOTWpFd09ERXlNakF5TmpNeVdoY05Nall3T0RFeE1qRXlOak15V2pBdk1TMHdLd1lEVlFRREV5UmpabU0wCk4ySXdNQzA0TTJFeUxUUTRZV010T0RNNU9TMHdOR1kwWWpKak1HWXdOVEF3Z2dFaU1BMEdDU3FHU0liM0RRRUIKQVFVQUE0SUJEd0F3Z2dFS0FvSUJBUUNoeC8yajBaWDRvbXJ5OVBuYWw0WDBTMHVic29ld2FPUHdKUUFLZEVQRwpDSXFXdXB4azJYNi9TR3ZlenlJYTAyYmI1Si9MSGxBNlFkcGVPMSs3eTd1YUNwUnU4ZDN0ZWdiNDhzaUwyejVvCkpxL1BvdFNJVzZJL0hrbFhwK2dOdWEyTFZCWldZeEtUa3BvbHlNY2NtVXM3ekcyZEEzR0pzbEUzb1k3UE51RjgKVm9MMFhCcnlEWVhKUVBNNFRXcW1MOTR5OWpqaTFFRnlyRmFJa3RWWmlKMGRiSmxPVG9uWHY4U0pFbk9DNTBxbApiU1RZcGtWM2lKbkd0SFFJZHVOK3hHWDl1cE8xVXMrUHdBcmZiVi9uUmZIZDJONGJ6WW5NV1hrbnFkSlBnQXBHCi94YlV4anJMMitKbHZSMGxvMHRWQVJkdWxWRzhiVzUrQlIvaEZ5MkpBOUlmQWdNQkFBR2pRakJBTUE0R0ExVWQKRHdFQi93UUVBd0lDQkRBUEJnTlZIUk1CQWY4RUJUQURBUUgvTUIwR0ExVWREZ1FXQkJRVTJmclk5K1l4cS93bgpJNHZnMC9KNTkrYXBLakFOQmdrcWhraUc5dzBCQVFzRkFBT0NBUUVBblVnbU1yOW83QWxoZGF5Sk5oTk03REFUCk14bkt2ZDFnTFAyM0NKWHd0SDA3ZDlLNzd4SG5OTDJqQ3pJK1MveWY1VnNEVU11MXl0RnhhVlozR0pqcTYwQlMKSCtqeDVGQk9nNXl6WnVuajBWSG83K29nSVhraDlPN3FsT2JrMXVkTnI3VkszSVdWckwzRHoraUpTVzdqTFd2RgpGRkhGR2pacDlCT3N2aFNRaXZZbWJNbHYwNzNIRFE0bEdmdDZsRGZ2dE9jZWlpdmFybHRhUkZGZjBRNmtUZUVTCjVaMERORFNsMmY1ZnYyZllYL1Y0cUFYZWdRdHBMOFBFK0RWcFpoUFQyNDRtdkhHZkNvVHNvUUZQSWlYbHFzY2YKMlZnMnJlQmhlb3BSY1VSekhsUVh5TFp1a1NRQU5FemZmQ0dVZkpzUTVIS0g3WktuVVBQUVcycldieEhGSlE9PQotLS0tLUVORCBDRVJUSUZJQ0FURS0tLS0tCg==",
                "password": "",
                "username": ""
              }
            ],
            "master_authorized_networks_config": [],
            "master_version": "1.20.8-gke.2100",
            "min_master_version": "1.20.8-gke.2100",
            "monitoring_service": "monitoring.googleapis.com/kubernetes",
            "name": "workshop-k8s",
            "network": "projects/workshops-yopeso/global/networks/default",
            "network_policy": [
              {
                "enabled": false,
                "provider": "PROVIDER_UNSPECIFIED"
              }
            ],
            "networking_mode": "ROUTES",
            "node_config": [
              {
                "disk_size_gb": 100,
                "disk_type": "pd-standard",
                "guest_accelerator": [],
                "image_type": "COS_CONTAINERD",
                "labels": {},
                "local_ssd_count": 0,
                "machine_type": "e2-medium",
                "metadata": {
                  "disable-legacy-endpoints": "true"
                },
                "min_cpu_platform": "",
                "oauth_scopes": [
                  "https://www.googleapis.com/auth/cloud-platform",
                  "https://www.googleapis.com/auth/compute.readonly",
                  "https://www.googleapis.com/auth/devstorage.read_only"
                ],
                "preemptible": true,
                "service_account": "sa-k8s-workshop@workshops-yopeso.iam.gserviceaccount.com",
                "shielded_instance_config": [
                  {
                    "enable_integrity_monitoring": true,
                    "enable_secure_boot": false
                  }
                ],
                "tags": [],
                "taint": [],
                "workload_metadata_config": []
              }
            ],
            "node_locations": [],
            "node_pool": [
              {
                "autoscaling": [],
                "initial_node_count": 2,
                "instance_group_urls": [
                  "https://www.googleapis.com/compute/v1/projects/workshops-yopeso/zones/europe-west4-b/instanceGroupManagers/gke-workshop-k8s-default-pool-b1acacfa-grp"
                ],
                "management": [
                  {
                    "auto_repair": true,
                    "auto_upgrade": true
                  }
                ],
                "max_pods_per_node": 0,
                "name": "default-pool",
                "name_prefix": "",
                "node_config": [
                  {
                    "disk_size_gb": 100,
                    "disk_type": "pd-standard",
                    "guest_accelerator": [],
                    "image_type": "COS_CONTAINERD",
                    "labels": {},
                    "local_ssd_count": 0,
                    "machine_type": "e2-medium",
                    "metadata": {
                      "disable-legacy-endpoints": "true"
                    },
                    "min_cpu_platform": "",
                    "oauth_scopes": [
                      "https://www.googleapis.com/auth/cloud-platform",
                      "https://www.googleapis.com/auth/compute.readonly",
                      "https://www.googleapis.com/auth/devstorage.read_only"
                    ],
                    "preemptible": true,
                    "service_account": "sa-k8s-workshop@workshops-yopeso.iam.gserviceaccount.com",
                    "shielded_instance_config": [
                      {
                        "enable_integrity_monitoring": true,
                        "enable_secure_boot": false
                      }
                    ],
                    "tags": [],
                    "taint": [],
                    "workload_metadata_config": []
                  }
                ],
                "node_count": 2,
                "node_locations": [
                  "europe-west4-b"
                ],
                "upgrade_settings": [
                  {
                    "max_surge": 1,
                    "max_unavailable": 0
                  }
                ],
                "version": "1.20.8-gke.2100"
              }
            ],
            "node_version": "1.20.8-gke.2100",
            "operation": null,
            "pod_security_policy_config": [],
            "private_cluster_config": [],
            "private_ipv6_google_access": "",
            "project": "workshops-yopeso",
            "release_channel": [
              {
                "channel": "UNSPECIFIED"
              }
            ],
            "remove_default_node_pool": null,
            "resource_labels": {},
            "resource_usage_export_config": [],
            "self_link": "https://container.googleapis.com/v1beta1/projects/workshops-yopeso/zones/europe-west4-b/clusters/workshop-k8s",
            "services_ipv4_cidr": "10.103.240.0/20",
            "subnetwork": "projects/workshops-yopeso/regions/europe-west4/subnetworks/default",
            "timeouts": {
              "create": "30m",
              "delete": null,
              "read": null,
              "update": "40m"
            },
            "tpu_ipv4_cidr_block": "",
            "vertical_pod_autoscaling": [],
            "workload_identity_config": []
          },
          "sensitive_attributes": [],
          "private": "eyJlMmJmYjczMC1lY2FhLTExZTYtOGY4OC0zNDM2M2JjN2M0YzAiOnsiY3JlYXRlIjoxODAwMDAwMDAwMDAwLCJkZWxldGUiOjI0MDAwMDAwMDAwMDAsInJlYWQiOjI0MDAwMDAwMDAwMDAsInVwZGF0ZSI6MjQwMDAwMDAwMDAwMH0sInNjaGVtYV92ZXJzaW9uIjoiMSJ9",
          "dependencies": [
            "google_service_account.cluster_account"
          ]
        }
      ]
    },
    {
      "mode": "managed",
      "type": "google_service_account",
      "name": "cluster_account",
      "provider": "provider[\"registry.terraform.io/hashicorp/google\"]",
      "instances": [
        {
          "schema_version": 0,
          "attributes": {
            "account_id": "sa-k8s-workshop",
            "description": "",
            "display_name": "K8s Workshop SA",
            "email": "sa-k8s-workshop@workshops-yopeso.iam.gserviceaccount.com",
            "id": "projects/workshops-yopeso/serviceAccounts/sa-k8s-workshop@workshops-yopeso.iam.gserviceaccount.com",
            "name": "projects/workshops-yopeso/serviceAccounts/sa-k8s-workshop@workshops-yopeso.iam.gserviceaccount.com",
            "project": "workshops-yopeso",
            "timeouts": null,
            "unique_id": "102467445636184047440"
          },
          "sensitive_attributes": [],
          "private": "eyJlMmJmYjczMC1lY2FhLTExZTYtOGY4OC0zNDM2M2JjN2M0YzAiOnsiY3JlYXRlIjozMDAwMDAwMDAwMDB9fQ=="
        }
      ]
    }
  ]
}
