{
  "version": 4,
  "terraform_version": "1.0.4",
  "serial": 33,
  "lineage": "076f1eec-cd00-0979-39b6-324db76a2cf0",
  "outputs": {
    "k8s_ingress_ipname": {
      "value": "ws-static",
      "type": "string"
    },
    "k8s_ingress_ipvalue": {
      "value": "34.120.212.214",
      "type": "string"
    }
  },
  "resources": [
    {
      "mode": "managed",
      "type": "google_compute_global_address",
      "name": "ip_address",
      "provider": "provider[\"registry.terraform.io/hashicorp/google\"]",
      "instances": [
        {
          "schema_version": 0,
          "attributes": {
            "address": "34.120.212.214",
            "address_type": "EXTERNAL",
            "creation_timestamp": "2021-08-13T02:48:28.061-07:00",
            "description": "",
            "id": "projects/workshops-yopeso/global/addresses/ws-static",
            "ip_version": "",
            "name": "ws-static",
            "network": "",
            "prefix_length": 0,
            "project": "workshops-yopeso",
            "purpose": "",
            "self_link": "https://www.googleapis.com/compute/v1/projects/workshops-yopeso/global/addresses/ws-static",
            "timeouts": null
          },
          "sensitive_attributes": [],
          "private": "eyJlMmJmYjczMC1lY2FhLTExZTYtOGY4OC0zNDM2M2JjN2M0YzAiOnsiY3JlYXRlIjoyNDAwMDAwMDAwMDAsImRlbGV0ZSI6MjQwMDAwMDAwMDAwfX0="
        }
      ]
    },
    {
      "mode": "managed",
      "type": "google_container_cluster",
      "name": "primary",
      "provider": "provider[\"registry.terraform.io/hashicorp/google\"]",
      "instances": [
        {
          "schema_version": 1,
          "attributes": {
            "addons_config": [
              {
                "cloudrun_config": [],
                "horizontal_pod_autoscaling": [],
                "http_load_balancing": [],
                "network_policy_config": [
                  {
                    "disabled": true
                  }
                ]
              }
            ],
            "authenticator_groups_config": [],
            "cluster_autoscaling": [
              {
                "auto_provisioning_defaults": [],
                "enabled": false,
                "resource_limits": []
              }
            ],
            "cluster_ipv4_cidr": "10.100.0.0/14",
            "database_encryption": [
              {
                "key_name": "",
                "state": "DECRYPTED"
              }
            ],
            "datapath_provider": "",
            "default_max_pods_per_node": null,
            "default_snat_status": [
              {
                "disabled": false
              }
            ],
            "description": "",
            "enable_autopilot": false,
            "enable_binary_authorization": false,
            "enable_intranode_visibility": false,
            "enable_kubernetes_alpha": false,
            "enable_legacy_abac": false,
            "enable_shielded_nodes": false,
            "enable_tpu": false,
            "endpoint": "34.91.73.161",
            "id": "projects/workshops-yopeso/locations/europe-west4-b/clusters/workshop-k8s",
            "initial_node_count": 2,
            "instance_group_urls": [
              "https://www.googleapis.com/compute/v1/projects/workshops-yopeso/zones/europe-west4-b/instanceGroups/gke-workshop-k8s-default-pool-f134769d-grp"
            ],
            "ip_allocation_policy": [],
            "label_fingerprint": "a9dc16a7",
            "location": "europe-west4-b",
            "logging_service": "logging.googleapis.com/kubernetes",
            "maintenance_policy": [],
            "master_auth": [
              {
                "client_certificate": "",
                "client_certificate_config": [
                  {
                    "issue_client_certificate": false
                  }
                ],
                "client_key": "",
                "cluster_ca_certificate": "LS0tLS1CRUdJTiBDRVJUSUZJQ0FURS0tLS0tCk1JSURLekNDQWhPZ0F3SUJBZ0lSQVBreitLSEJRUkM5REhQdCs3V3ZEQkF3RFFZSktvWklodmNOQVFFTEJRQXcKTHpFdE1Dc0dBMVVFQXhNa00yUTNaakV6WWpFdFlUZGpOaTAwWkRVMUxUbGxZekl0WldObU5XRmtPV1EyWWpOawpNQjRYRFRJeE1EZ3hNekE0TkRnek1Gb1hEVEkyTURneE1qQTVORGd6TUZvd0x6RXRNQ3NHQTFVRUF4TWtNMlEzClpqRXpZakV0WVRkak5pMDBaRFUxTFRsbFl6SXRaV05tTldGa09XUTJZak5rTUlJQklqQU5CZ2txaGtpRzl3MEIKQVFFRkFBT0NBUThBTUlJQkNnS0NBUUVBMHNZZTNUQVBJelFJSUlqcTB0MzNQR2wxTVJVQ2F5ZGdCOEtORXpvMQo4ZjBqbVpIUUhDb0J6bzU0ZFF3WWpIT1Q4ZUZGa0lmUXNmRWNleDNLaEcrVURFOGJkM0xGNEhXV0Rqa0RQaFMrCmhZN25tS0VqV1p4RzAvK0FpczYyNzhYdW5QNEI5VkRuNUxFZjFLSmt2cFVsWTFTUGdnSXdtemVicWY1OXhMcEYKRHpCMEthQzlOb05QZkdiWlBVZVp6WDNIS2dVbS9vUS9TdC9Eem15WW93RGN0NThaMWhyUUlvUlptaWVWbERWVQpiczlwRGVCcHhQWWwyYU8zVW1zWCs1VDJaeDRLOFdyWHhpMWc5S2V6SWpqQWJTTUpqdjdicHprQTBWMFBDdFA1Cjd2QkFaa3YxSlAzK3VMZlNLQnlzYlQydFRMc3YvZUFWb2U0dlo5eDNkbWJ1RFFJREFRQUJvMEl3UURBT0JnTlYKSFE4QkFmOEVCQU1DQWdRd0R3WURWUjBUQVFIL0JBVXdBd0VCL3pBZEJnTlZIUTRFRmdRVTdkcTVXaEI4b3cyRQpOcCszWVhOcGgyQ3l6V1V3RFFZSktvWklodmNOQVFFTEJRQURnZ0VCQUdnNHZSREdORHIwY3RxTlNNWTl0WlNiClp4Mm11TGRpckR5MXpBdGpIMFJDNHQydXBQUjNRUzVhUlRjY3lreFVIVmRORHoycVUxa243SWtzUjJwY0cxN08KSmJSN3VEeDhNajdpSkhZNjg0NlQ2U2cwU2IwemJINzIrYTA2MmVTV0FwNysyZ3A4WFFzVDBva3NQSEgyUDlkdwpPVDZzNVJ1d2czZTFrRGhNSlgzN0tZZW5YN0U3MjQzWDV4d2NzbHZVZUorWmdUQS9Kcy90dmRSYldWUWVIUkhhCmppTWZueUR0aW5iU1VxOGFjT0lBdlpaYU0rMkthVm1RN0E3eUlHT2NnL3FHRnF5V0tWNjl0bnVzWjJGUzl3TU4KOFNXMW1JRkw5MktsaTA5bWVyZCsxTmdCL2VKUG1vK3VrdmpKNThMME9TM1IxbWN1VTNEenJGczk0N2lkZm13PQotLS0tLUVORCBDRVJUSUZJQ0FURS0tLS0tCg==",
                "password": "",
                "username": ""
              }
            ],
            "master_authorized_networks_config": [],
            "master_version": "1.20.8-gke.2100",
            "min_master_version": "1.20.8-gke.2100",
            "monitoring_service": "monitoring.googleapis.com/kubernetes",
            "name": "workshop-k8s",
            "network": "projects/workshops-yopeso/global/networks/default",
            "network_policy": [
              {
                "enabled": false,
                "provider": "PROVIDER_UNSPECIFIED"
              }
            ],
            "networking_mode": "ROUTES",
            "node_config": [
              {
                "disk_size_gb": 100,
                "disk_type": "pd-standard",
                "guest_accelerator": [],
                "image_type": "COS_CONTAINERD",
                "labels": {},
                "local_ssd_count": 0,
                "machine_type": "e2-medium",
                "metadata": {
                  "disable-legacy-endpoints": "true"
                },
                "min_cpu_platform": "",
                "oauth_scopes": [
                  "https://www.googleapis.com/auth/cloud-platform",
                  "https://www.googleapis.com/auth/compute.readonly",
                  "https://www.googleapis.com/auth/devstorage.read_only"
                ],
                "preemptible": true,
                "service_account": "sa-k8s-workshop@workshops-yopeso.iam.gserviceaccount.com",
                "shielded_instance_config": [
                  {
                    "enable_integrity_monitoring": true,
                    "enable_secure_boot": false
                  }
                ],
                "tags": null,
                "taint": [],
                "workload_metadata_config": []
              }
            ],
            "node_locations": [],
            "node_pool": [
              {
                "autoscaling": [],
                "initial_node_count": 2,
                "instance_group_urls": [
                  "https://www.googleapis.com/compute/v1/projects/workshops-yopeso/zones/europe-west4-b/instanceGroupManagers/gke-workshop-k8s-default-pool-f134769d-grp"
                ],
                "management": [
                  {
                    "auto_repair": true,
                    "auto_upgrade": true
                  }
                ],
                "max_pods_per_node": 0,
                "name": "default-pool",
                "name_prefix": "",
                "node_config": [
                  {
                    "disk_size_gb": 100,
                    "disk_type": "pd-standard",
                    "guest_accelerator": [],
                    "image_type": "COS_CONTAINERD",
                    "labels": {},
                    "local_ssd_count": 0,
                    "machine_type": "e2-medium",
                    "metadata": {
                      "disable-legacy-endpoints": "true"
                    },
                    "min_cpu_platform": "",
                    "oauth_scopes": [
                      "https://www.googleapis.com/auth/cloud-platform",
                      "https://www.googleapis.com/auth/compute.readonly",
                      "https://www.googleapis.com/auth/devstorage.read_only"
                    ],
                    "preemptible": true,
                    "service_account": "sa-k8s-workshop@workshops-yopeso.iam.gserviceaccount.com",
                    "shielded_instance_config": [
                      {
                        "enable_integrity_monitoring": true,
                        "enable_secure_boot": false
                      }
                    ],
                    "tags": [],
                    "taint": [],
                    "workload_metadata_config": []
                  }
                ],
                "node_count": 2,
                "node_locations": [
                  "europe-west4-b"
                ],
                "upgrade_settings": [
                  {
                    "max_surge": 1,
                    "max_unavailable": 0
                  }
                ],
                "version": "1.20.8-gke.2100"
              }
            ],
            "node_version": "1.20.8-gke.2100",
            "operation": null,
            "pod_security_policy_config": [],
            "private_cluster_config": [],
            "private_ipv6_google_access": "",
            "project": "workshops-yopeso",
            "release_channel": [
              {
                "channel": "UNSPECIFIED"
              }
            ],
            "remove_default_node_pool": null,
            "resource_labels": null,
            "resource_usage_export_config": [],
            "self_link": "https://container.googleapis.com/v1beta1/projects/workshops-yopeso/zones/europe-west4-b/clusters/workshop-k8s",
            "services_ipv4_cidr": "10.103.240.0/20",
            "subnetwork": "projects/workshops-yopeso/regions/europe-west4/subnetworks/default",
            "timeouts": {
              "create": "30m",
              "delete": null,
              "read": null,
              "update": "40m"
            },
            "tpu_ipv4_cidr_block": "",
            "vertical_pod_autoscaling": [],
            "workload_identity_config": []
          },
          "sensitive_attributes": [],
          "private": "eyJlMmJmYjczMC1lY2FhLTExZTYtOGY4OC0zNDM2M2JjN2M0YzAiOnsiY3JlYXRlIjoxODAwMDAwMDAwMDAwLCJkZWxldGUiOjI0MDAwMDAwMDAwMDAsInJlYWQiOjI0MDAwMDAwMDAwMDAsInVwZGF0ZSI6MjQwMDAwMDAwMDAwMH0sInNjaGVtYV92ZXJzaW9uIjoiMSJ9",
          "dependencies": [
            "google_service_account.cluster_account"
          ]
        }
      ]
    },
    {
      "mode": "managed",
      "type": "google_service_account",
      "name": "cluster_account",
      "provider": "provider[\"registry.terraform.io/hashicorp/google\"]",
      "instances": [
        {
          "schema_version": 0,
          "attributes": {
            "account_id": "sa-k8s-workshop",
            "description": "",
            "display_name": "K8s Workshop SA",
            "email": "sa-k8s-workshop@workshops-yopeso.iam.gserviceaccount.com",
            "id": "projects/workshops-yopeso/serviceAccounts/sa-k8s-workshop@workshops-yopeso.iam.gserviceaccount.com",
            "name": "projects/workshops-yopeso/serviceAccounts/sa-k8s-workshop@workshops-yopeso.iam.gserviceaccount.com",
            "project": "workshops-yopeso",
            "timeouts": null,
            "unique_id": "104507003466168329589"
          },
          "sensitive_attributes": [],
          "private": "eyJlMmJmYjczMC1lY2FhLTExZTYtOGY4OC0zNDM2M2JjN2M0YzAiOnsiY3JlYXRlIjozMDAwMDAwMDAwMDB9fQ=="
        }
      ]
    }
  ]
}
