{
  "version": 4,
  "terraform_version": "1.0.4",
  "serial": 5,
  "lineage": "076f1eec-cd00-0979-39b6-324db76a2cf0",
  "outputs": {},
  "resources": [
    {
      "mode": "managed",
      "type": "google_container_cluster",
      "name": "primary",
      "provider": "provider[\"registry.terraform.io/hashicorp/google\"]",
      "instances": [
        {
          "schema_version": 1,
          "attributes": {
            "addons_config": [
              {
                "cloudrun_config": [],
                "horizontal_pod_autoscaling": [],
                "http_load_balancing": [],
                "network_policy_config": [
                  {
                    "disabled": true
                  }
                ]
              }
            ],
            "authenticator_groups_config": [],
            "cluster_autoscaling": [
              {
                "auto_provisioning_defaults": [],
                "enabled": false,
                "resource_limits": []
              }
            ],
            "cluster_ipv4_cidr": "10.100.0.0/14",
            "database_encryption": [
              {
                "key_name": "",
                "state": "DECRYPTED"
              }
            ],
            "datapath_provider": "",
            "default_max_pods_per_node": null,
            "default_snat_status": [
              {
                "disabled": false
              }
            ],
            "description": "",
            "enable_autopilot": false,
            "enable_binary_authorization": false,
            "enable_intranode_visibility": false,
            "enable_kubernetes_alpha": false,
            "enable_legacy_abac": false,
            "enable_shielded_nodes": false,
            "enable_tpu": false,
            "endpoint": "35.204.217.119",
            "id": "projects/workshops-yopeso/locations/europe-west4-b/clusters/workshop-k8s",
            "initial_node_count": 2,
            "instance_group_urls": [
              "https://www.googleapis.com/compute/v1/projects/workshops-yopeso/zones/europe-west4-b/instanceGroups/gke-workshop-k8s-default-pool-badc7a89-grp"
            ],
            "ip_allocation_policy": [],
            "label_fingerprint": "a9dc16a7",
            "location": "europe-west4-b",
            "logging_service": "logging.googleapis.com/kubernetes",
            "maintenance_policy": [],
            "master_auth": [
              {
                "client_certificate": "",
                "client_certificate_config": [
                  {
                    "issue_client_certificate": false
                  }
                ],
                "client_key": "",
                "cluster_ca_certificate": "LS0tLS1CRUdJTiBDRVJUSUZJQ0FURS0tLS0tCk1JSURLakNDQWhLZ0F3SUJBZ0lRQjNpc3FEZWZJaFJENDBQb2pNOVZYakFOQmdrcWhraUc5dzBCQVFzRkFEQXYKTVMwd0t3WURWUVFERXlSaE1XUXhNMk5oTkMwNU16UTFMVFF4WkRJdE9ESmpOUzB6WWpRME1ETTVNREkxT1dZdwpIaGNOTWpFd09ERXlNVGd5TkRFeldoY05Nall3T0RFeE1Ua3lOREV6V2pBdk1TMHdLd1lEVlFRREV5UmhNV1F4Ck0yTmhOQzA1TXpRMUxUUXhaREl0T0RKak5TMHpZalEwTURNNU1ESTFPV1l3Z2dFaU1BMEdDU3FHU0liM0RRRUIKQVFVQUE0SUJEd0F3Z2dFS0FvSUJBUURCZHFOaFQvZTloK2hxZXpYZ0RlR2hDRmpTaWRUZ2hQRjFiaC9iL0N4YwpISHhxV0xXU3hIN0FES3VmOTRNYzV5SVdSdGZkemgwWUFXeWhjVUdGR0NRdVRYc2NlWlJrL01zOEhNNmtrbHB4Cm1xU0pDMUJTVHFrUnRXWXBIUkZKenZIT3Z3N2cvR2NqMUR1dDhLZWd3MGdjVDNucWtLcWtHM0NuUEIveStTN0QKZkFUK3NZSnIxTHVNYkM4cmZ4YzNQNXh5UDhrSERuUVh4NW11dnNhUUlXS2ZkYzlsOG1QUGtYNXl0YjMrNVRsYQpZQVp5WFdwayt5VnNkeWU5RnhlWnRJelZtK09pVnZSY214KzBGUDhjbVVGYlRzVVg2bldaNTNtSmNiOGhsUEIwCktLTnFCN3Z5Y1Z4VTdtcGwrQmZRV2w4VnBDRVFJNDEzZTdTWjlYMS95OElwQWdNQkFBR2pRakJBTUE0R0ExVWQKRHdFQi93UUVBd0lDQkRBUEJnTlZIUk1CQWY4RUJUQURBUUgvTUIwR0ExVWREZ1FXQkJUTExoZnV4RWFZYWhVeApJZlhRRThtWXFLeE5uakFOQmdrcWhraUc5dzBCQVFzRkFBT0NBUUVBby8wMkFqMUthbktsWEZmb2RlbEJETUllCnliYnJoejczYlZJWkxHOGQwcGNJbWVEN2Rpb0I1K1kyUzNkcVBhU3M3VlNPeU9iaEtSTUV0TWV6cFpOaktXL1MKK2RZZzUvZnN2NStEKzJNZENOSEJZdW9kZEswVUp0RnRYeUNwaFhOTi8zeGxVTnNpVFlNQ08wRjg3a281cUJKVgpvcWxQNWQvZWFYc3c2RXNyYVZHVm9sa0tCQmo5a2E2VXNPM3FYYU9jcktmVVJjek1rVXFpbkR6QjNyYVNGVzhyCkRleXA1UFV0SjRDeENyb0Q5L1Bud2FBN2JPNTVRWWtaMlRyc1M1cE1nQXo4M05DUDM0K3I4UnlRZFJtSTlwTngKRGxsaXI5cmF6ZXNRN1pnc0V2dzhFeGdJbktRRGJoVmQ3TTZtbVlNeHNQcFhVTUY4UE50YTQwMTd4V3Vxcnc9PQotLS0tLUVORCBDRVJUSUZJQ0FURS0tLS0tCg==",
                "password": "",
                "username": ""
              }
            ],
            "master_authorized_networks_config": [],
            "master_version": "1.20.8-gke.2100",
            "min_master_version": "1.20.8",
            "monitoring_service": "monitoring.googleapis.com/kubernetes",
            "name": "workshop-k8s",
            "network": "projects/workshops-yopeso/global/networks/default",
            "network_policy": [
              {
                "enabled": false,
                "provider": "PROVIDER_UNSPECIFIED"
              }
            ],
            "networking_mode": "ROUTES",
            "node_config": [
              {
                "disk_size_gb": 100,
                "disk_type": "pd-standard",
                "guest_accelerator": [],
                "image_type": "COS_CONTAINERD",
                "labels": {},
                "local_ssd_count": 0,
                "machine_type": "e2-medium",
                "metadata": {
                  "disable-legacy-endpoints": "true"
                },
                "min_cpu_platform": "",
                "oauth_scopes": [
                  "https://www.googleapis.com/auth/cloud-platform",
                  "https://www.googleapis.com/auth/devstorage.read_write"
                ],
                "preemptible": true,
                "service_account": "sa-k8s-workshop@workshops-yopeso.iam.gserviceaccount.com",
                "shielded_instance_config": [
                  {
                    "enable_integrity_monitoring": true,
                    "enable_secure_boot": false
                  }
                ],
                "tags": null,
                "taint": [],
                "workload_metadata_config": []
              }
            ],
            "node_locations": [],
            "node_pool": [
              {
                "autoscaling": [],
                "initial_node_count": 2,
                "instance_group_urls": [
                  "https://www.googleapis.com/compute/v1/projects/workshops-yopeso/zones/europe-west4-b/instanceGroupManagers/gke-workshop-k8s-default-pool-badc7a89-grp"
                ],
                "management": [
                  {
                    "auto_repair": true,
                    "auto_upgrade": true
                  }
                ],
                "max_pods_per_node": 0,
                "name": "default-pool",
                "name_prefix": "",
                "node_config": [
                  {
                    "disk_size_gb": 100,
                    "disk_type": "pd-standard",
                    "guest_accelerator": [],
                    "image_type": "COS_CONTAINERD",
                    "labels": {},
                    "local_ssd_count": 0,
                    "machine_type": "e2-medium",
                    "metadata": {
                      "disable-legacy-endpoints": "true"
                    },
                    "min_cpu_platform": "",
                    "oauth_scopes": [
                      "https://www.googleapis.com/auth/cloud-platform",
                      "https://www.googleapis.com/auth/devstorage.read_write"
                    ],
                    "preemptible": true,
                    "service_account": "sa-k8s-workshop@workshops-yopeso.iam.gserviceaccount.com",
                    "shielded_instance_config": [
                      {
                        "enable_integrity_monitoring": true,
                        "enable_secure_boot": false
                      }
                    ],
                    "tags": [],
                    "taint": [],
                    "workload_metadata_config": []
                  }
                ],
                "node_count": 2,
                "node_locations": [
                  "europe-west4-b"
                ],
                "upgrade_settings": [
                  {
                    "max_surge": 1,
                    "max_unavailable": 0
                  }
                ],
                "version": "1.20.8-gke.2100"
              }
            ],
            "node_version": "1.20.8-gke.2100",
            "operation": null,
            "pod_security_policy_config": [],
            "private_cluster_config": [],
            "private_ipv6_google_access": "",
            "project": "workshops-yopeso",
            "release_channel": [
              {
                "channel": "UNSPECIFIED"
              }
            ],
            "remove_default_node_pool": null,
            "resource_labels": null,
            "resource_usage_export_config": [],
            "self_link": "https://container.googleapis.com/v1beta1/projects/workshops-yopeso/zones/europe-west4-b/clusters/workshop-k8s",
            "services_ipv4_cidr": "10.103.240.0/20",
            "subnetwork": "projects/workshops-yopeso/regions/europe-west4/subnetworks/default",
            "timeouts": {
              "create": "30m",
              "delete": null,
              "read": null,
              "update": "40m"
            },
            "tpu_ipv4_cidr_block": "",
            "vertical_pod_autoscaling": [],
            "workload_identity_config": []
          },
          "sensitive_attributes": [],
          "private": "eyJlMmJmYjczMC1lY2FhLTExZTYtOGY4OC0zNDM2M2JjN2M0YzAiOnsiY3JlYXRlIjoxODAwMDAwMDAwMDAwLCJkZWxldGUiOjI0MDAwMDAwMDAwMDAsInJlYWQiOjI0MDAwMDAwMDAwMDAsInVwZGF0ZSI6MjQwMDAwMDAwMDAwMH0sInNjaGVtYV92ZXJzaW9uIjoiMSJ9",
          "dependencies": [
            "google_service_account.cluster_account"
          ]
        }
      ]
    },
    {
      "mode": "managed",
      "type": "google_service_account",
      "name": "cluster_account",
      "provider": "provider[\"registry.terraform.io/hashicorp/google\"]",
      "instances": [
        {
          "schema_version": 0,
          "attributes": {
            "account_id": "sa-k8s-workshop",
            "description": "",
            "display_name": "K8s Workshop SA",
            "email": "sa-k8s-workshop@workshops-yopeso.iam.gserviceaccount.com",
            "id": "projects/workshops-yopeso/serviceAccounts/sa-k8s-workshop@workshops-yopeso.iam.gserviceaccount.com",
            "name": "projects/workshops-yopeso/serviceAccounts/sa-k8s-workshop@workshops-yopeso.iam.gserviceaccount.com",
            "project": "workshops-yopeso",
            "timeouts": null,
            "unique_id": "102467445636184047440"
          },
          "sensitive_attributes": [],
          "private": "eyJlMmJmYjczMC1lY2FhLTExZTYtOGY4OC0zNDM2M2JjN2M0YzAiOnsiY3JlYXRlIjozMDAwMDAwMDAwMDB9fQ=="
        }
      ]
    }
  ]
}
